
Microsoft Visual Studio Solution File, Format Version 12.00
# Visual Studio Version 16
VisualStudioVersion = 16.0.31220.234
MinimumVisualStudioVersion = 10.0.40219.1
Project("{9A19103F-16F7-4668-BE54-9A1E7A4F7556}") = "Foo", "Foo\Foo.csproj", "{10F21B6A-4501-4EF3-AC71-3ACFF34BC88F}"
EndProject
Project("{9A19103F-16F7-4668-BE54-9A1E7A4F7556}") = "Foo.WinUI", "Foo.WinUI\Foo.WinUI.csproj", "{4E403CB0-FA95-4322-8B8B-1F4C23AEAFAA}"
EndProject
Global
	GlobalSection(SolutionConfigurationPlatforms) = preSolution
		Debug|Any CPU = Debug|Any CPU
		Release|Any CPU = Release|Any CPU
	EndGlobalSection
	GlobalSection(ProjectConfigurationPlatforms) = postSolution
		{10F21B6A-4501-4EF3-AC71-3ACFF34BC88F}.Debug|Any CPU.ActiveCfg = Debug|Any CPU
		{10F21B6A-4501-4EF3-AC71-3ACFF34BC88F}.Debug|Any CPU.Build.0 = Debug|Any CPU
		{10F21B6A-4501-4EF3-AC71-3ACFF34BC88F}.Debug|Any CPU.Deploy.0 = Debug|Any CPU
		{10F21B6A-4501-4EF3-AC71-3ACFF34BC88F}.Release|Any CPU.ActiveCfg = Release|Any CPU
		{10F21B6A-4501-4EF3-AC71-3ACFF34BC88F}.Release|Any CPU.Build.0 = Release|Any CPU
		{10F21B6A-4501-4EF3-AC71-3ACFF34BC88F}.Release|Any CPU.Deploy.0 = Release|Any CPU
		{4E403CB0-FA95-4322-8B8B-1F4C23AEAFAA}.Debug|Any CPU.ActiveCfg = Debug|Any CPU
		{4E403CB0-FA95-4322-8B8B-1F4C23AEAFAA}.Debug|Any CPU.Build.0 = Debug|Any CPU
		{4E403CB0-FA95-4322-8B8B-1F4C23AEAFAA}.Debug|Any CPU.Deploy.0 = Debug|Any CPU
		{4E403CB0-FA95-4322-8B8B-1F4C23AEAFAA}.Release|Any CPU.ActiveCfg = Release|Any CPU
		{4E403CB0-FA95-4322-8B8B-1F4C23AEAFAA}.Release|Any CPU.Build.0 = Release|Any CPU
		{4E403CB0-FA95-4322-8B8B-1F4C23AEAFAA}.Release|Any CPU.Deploy.0 = Release|Any CPU
	EndGlobalSection
	GlobalSection(SolutionProperties) = preSolution
		HideSolutionNode = FALSE
	EndGlobalSection
	GlobalSection(ExtensibilityGlobals) = postSolution
		SolutionGuid = {61F7FB11-1E47-470C-91E2-47F8143E1572}
	EndGlobalSection
EndGlobal
